// !$*UTF8*$!
{
	archiveVersion = 1;
	classes = {
	};
	objectVersion = 77;
	objects = {

/* Begin PBXContainerItemProxy section */
		BA10D22A2DF14AE400E89352 /* PBXContainerItemProxy */ = {
			isa = PBXContainerItemProxy;
			containerPortal = BA10D2142DF14AE300E89352 /* Project object */;
			proxyType = 1;
			remoteGlobalIDString = BA10D21B2DF14AE300E89352;
			remoteInfo = "Ballvive Game";
		};
		BA10D2342DF14AE400E89352 /* PBXContainerItemProxy */ = {
			isa = PBXContainerItemProxy;
			containerPortal = BA10D2142DF14AE300E89352 /* Project object */;
			proxyType = 1;
			remoteGlobalIDString = BA10D21B2DF14AE300E89352;
			remoteInfo = "Ballvive Game";
		};
/* End PBXContainerItemProxy section */

/* Begin PBXFileReference section */
		BA10D21C2DF14AE300E89352 /* Ballvive Game.app */ = {isa = PBXFileReference; explicitFileType = wrapper.application; includeInIndex = 0; path = "Ballvive Game.app"; sourceTree = BUILT_PRODUCTS_DIR; };
		BA10D2292DF14AE400E89352 /* Ballvive GameTests.xctest */ = {isa = PBXFileReference; explicitFileType = wrapper.cfbundle; includeInIndex = 0; path = "Ballvive GameTests.xctest"; sourceTree = BUILT_PRODUCTS_DIR; };
		BA10D2332DF14AE400E89352 /* Ballvive GameUITests.xctest */ = {isa = PBXFileReference; explicitFileType = wrapper.cfbundle; includeInIndex = 0; path = "Ballvive GameUITests.xctest"; sourceTree = BUILT_PRODUCTS_DIR; };
/* End PBXFileReference section */

/* Begin PBXFileSystemSynchronizedRootGroup section */
		BA10D21E2DF14AE300E89352 /* Ballvive Game */ = {
			isa = PBXFileSystemSynchronizedRootGroup;
			path = "Ballvive Game";
			sourceTree = "<group>";
		};
		BA10D22C2DF14AE400E89352 /* Ballvive GameTests */ = {
			isa = PBXFileSystemSynchronizedRootGroup;
			path = "Ballvive GameTests";
			sourceTree = "<group>";
		};
		BA10D2362DF14AE400E89352 /* Ballvive GameUITests */ = {
			isa = PBXFileSystemSynchronizedRootGroup;
			path = "Ballvive GameUITests";
			sourceTree = "<group>";
		};
/* End PBXFileSystemSynchronizedRootGroup section */

/* Begin PBXFrameworksBuildPhase section */
		BA10D2192DF14AE300E89352 /* Frameworks */ = {
			isa = PBXFrameworksBuildPhase;
			buildActionMask = 2147483647;
			files = (
			);
			runOnlyForDeploymentPostprocessing = 0;
		};
		BA10D2262DF14AE400E89352 /* Frameworks */ = {
			isa = PBXFrameworksBuildPhase;
			buildActionMask = 2147483647;
			files = (
			);
			runOnlyForDeploymentPostprocessing = 0;
		};
		BA10D2302DF14AE400E89352 /* Frameworks */ = {
			isa = PBXFrameworksBuildPhase;
			buildActionMask = 2147483647;
			files = (
			);
			runOnlyForDeploymentPostprocessing = 0;
		};
/* End PBXFrameworksBuildPhase section */

/* Begin PBXGroup section */
		BA10D2132DF14AE300E89352 = {
			isa = PBXGroup;
			children = (
				BA10D21E2DF14AE300E89352 /* Ballvive Game */,
				BA10D22C2DF14AE400E89352 /* Ballvive GameTests */,
				BA10D2362DF14AE400E89352 /* Ballvive GameUITests */,
				BA10D21D2DF14AE300E89352 /* Products */,
			);
			sourceTree = "<group>";
		};
		BA10D21D2DF14AE300E89352 /* Products */ = {
			isa = PBXGroup;
			children = (
				BA10D21C2DF14AE300E89352 /* Ballvive Game.app */,
				BA10D2292DF14AE400E89352 /* Ballvive GameTests.xctest */,
				BA10D2332DF14AE400E89352 /* Ballvive GameUITests.xctest */,
			);
			name = Products;
			sourceTree = "<group>";
		};
/* End PBXGroup section */

/* Begin PBXNativeTarget section */
		BA10D21B2DF14AE300E89352 /* Ballvive Game */ = {
			isa = PBXNativeTarget;
			buildConfigurationList = BA10D23D2DF14AE400E89352 /* Build configuration list for PBXNativeTarget "Ballvive Game" */;
			buildPhases = (
				BA10D2182DF14AE300E89352 /* Sources */,
				BA10D2192DF14AE300E89352 /* Frameworks */,
				BA10D21A2DF14AE300E89352 /* Resources */,
			);
			buildRules = (
			);
			dependencies = (
			);
			fileSystemSynchronizedGroups = (
				BA10D21E2DF14AE300E89352 /* Ballvive Game */,
			);
			name = "Ballvive Game";
			packageProductDependencies = (
			);
			productName = "Ballvive Game";
			productReference = BA10D21C2DF14AE300E89352 /* Ballvive Game.app */;
			productType = "com.apple.product-type.application";
		};
		BA10D2282DF14AE400E89352 /* Ballvive GameTests */ = {
			isa = PBXNativeTarget;
			buildConfigurationList = BA10D2402DF14AE400E89352 /* Build configuration list for PBXNativeTarget "Ballvive GameTests" */;
			buildPhases = (
				BA10D2252DF14AE400E89352 /* Sources */,
				BA10D2262DF14AE400E89352 /* Frameworks */,
				BA10D2272DF14AE400E89352 /* Resources */,
			);
			buildRules = (
			);
			dependencies = (
				BA10D22B2DF14AE400E89352 /* PBXTargetDependency */,
			);
			fileSystemSynchronizedGroups = (
				BA10D22C2DF14AE400E89352 /* Ballvive GameTests */,
			);
			name = "Ballvive GameTests";
			packageProductDependencies = (
			);
			productName = "Ballvive GameTests";
			productReference = BA10D2292DF14AE400E89352 /* Ballvive GameTests.xctest */;
			productType = "com.apple.product-type.bundle.unit-test";
		};
		BA10D2322DF14AE400E89352 /* Ballvive GameUITests */ = {
			isa = PBXNativeTarget;
			buildConfigurationList = BA10D2432DF14AE400E89352 /* Build configuration list for PBXNativeTarget "Ballvive GameUITests" */;
			buildPhases = (
				BA10D22F2DF14AE400E89352 /* Sources */,
				BA10D2302DF14AE400E89352 /* Frameworks */,
				BA10D2312DF14AE400E89352 /* Resources */,
			);
			buildRules = (
			);
			dependencies = (
				BA10D2352DF14AE400E89352 /* PBXTargetDependency */,
			);
			fileSystemSynchronizedGroups = (
				BA10D2362DF14AE400E89352 /* Ballvive GameUITests */,
			);
			name = "Ballvive GameUITests";
			packageProductDependencies = (
			);
			productName = "Ballvive GameUITests";
			productReference = BA10D2332DF14AE400E89352 /* Ballvive GameUITests.xctest */;
			productType = "com.apple.product-type.bundle.ui-testing";
		};
/* End PBXNativeTarget section */

/* Begin PBXProject section */
		BA10D2142DF14AE300E89352 /* Project object */ = {
			isa = PBXProject;
			attributes = {
				BuildIndependentTargetsInParallel = 1;
				LastSwiftUpdateCheck = 1630;
				LastUpgradeCheck = 1630;
				TargetAttributes = {
					BA10D21B2DF14AE300E89352 = {
						CreatedOnToolsVersion = 16.3;
					};
					BA10D2282DF14AE400E89352 = {
						CreatedOnToolsVersion = 16.3;
						TestTargetID = BA10D21B2DF14AE300E89352;
					};
					BA10D2322DF14AE400E89352 = {
						CreatedOnToolsVersion = 16.3;
						TestTargetID = BA10D21B2DF14AE300E89352;
					};
				};
			};
			buildConfigurationList = BA10D2172DF14AE300E89352 /* Build configuration list for PBXProject "Ballvive Game" */;
			developmentRegion = en;
			hasScannedForEncodings = 0;
			knownRegions = (
				en,
				Base,
			);
			mainGroup = BA10D2132DF14AE300E89352;
			minimizedProjectReferenceProxies = 1;
			preferredProjectObjectVersion = 77;
			productRefGroup = BA10D21D2DF14AE300E89352 /* Products */;
			projectDirPath = "";
			projectRoot = "";
			targets = (
				BA10D21B2DF14AE300E89352 /* Ballvive Game */,
				BA10D2282DF14AE400E89352 /* Ballvive GameTests */,
				BA10D2322DF14AE400E89352 /* Ballvive GameUITests */,
			);
		};
/* End PBXProject section */

/* Begin PBXResourcesBuildPhase section */
		BA10D21A2DF14AE300E89352 /* Resources */ = {
			isa = PBXResourcesBuildPhase;
			buildActionMask = 2147483647;
			files = (
			);
			runOnlyForDeploymentPostprocessing = 0;
		};
		BA10D2272DF14AE400E89352 /* Resources */ = {
			isa = PBXResourcesBuildPhase;
			buildActionMask = 2147483647;
			files = (
			);
			runOnlyForDeploymentPostprocessing = 0;
		};
		BA10D2312DF14AE400E89352 /* Resources */ = {
			isa = PBXResourcesBuildPhase;
			buildActionMask = 2147483647;
			files = (
			);
			runOnlyForDeploymentPostprocessing = 0;
		};
/* End PBXResourcesBuildPhase section */

/* Begin PBXSourcesBuildPhase section */
		BA10D2182DF14AE300E89352 /* Sources */ = {
			isa = PBXSourcesBuildPhase;
			buildActionMask = 2147483647;
			files = (
			);
			runOnlyForDeploymentPostprocessing = 0;
		};
		BA10D2252DF14AE400E89352 /* Sources */ = {
			isa = PBXSourcesBuildPhase;
			buildActionMask = 2147483647;
			files = (
			);
			runOnlyForDeploymentPostprocessing = 0;
		};
		BA10D22F2DF14AE400E89352 /* Sources */ = {
			isa = PBXSourcesBuildPhase;
			buildActionMask = 2147483647;
			files = (
			);
			runOnlyForDeploymentPostprocessing = 0;
		};
/* End PBXSourcesBuildPhase section */

/* Begin PBXTargetDependency section */
		BA10D22B2DF14AE400E89352 /* PBXTargetDependency */ = {
			isa = PBXTargetDependency;
			target = BA10D21B2DF14AE300E89352 /* Ballvive Game */;
			targetProxy = BA10D22A2DF14AE400E89352 /* PBXContainerItemProxy */;
		};
		BA10D2352DF14AE400E89352 /* PBXTargetDependency */ = {
			isa = PBXTargetDependency;
			target = BA10D21B2DF14AE300E89352 /* Ballvive Game */;
			targetProxy = BA10D2342DF14AE400E89352 /* PBXContainerItemProxy */;
		};
/* End PBXTargetDependency section */

/* Begin XCBuildConfiguration section */
		BA10D23B2DF14AE400E89352 /* Debug */ = {
			isa = XCBuildConfiguration;
			buildSettings = {
				ALWAYS_SEARCH_USER_PATHS = NO;
				ASSETCATALOG_COMPILER_GENERATE_SWIFT_ASSET_SYMBOL_EXTENSIONS = YES;
				CLANG_ANALYZER_NONNULL = YES;
				CLANG_ANALYZER_NUMBER_OBJECT_CONVERSION = YES_AGGRESSIVE;
				CLANG_CXX_LANGUAGE_STANDARD = "gnu++20";
				CLANG_ENABLE_MODULES = YES;
				CLANG_ENABLE_OBJC_ARC = YES;
				CLANG_ENABLE_OBJC_WEAK = YES;
				CLANG_WARN_BLOCK_CAPTURE_AUTORELEASING = YES;
				CLANG_WARN_BOOL_CONVERSION = YES;
				CLANG_WARN_COMMA = YES;
				CLANG_WARN_CONSTANT_CONVERSION = YES;
				CLANG_WARN_DEPRECATED_OBJC_IMPLEMENTATIONS = YES;
				CLANG_WARN_DIRECT_OBJC_ISA_USAGE = YES_ERROR;
				CLANG_WARN_DOCUMENTATION_COMMENTS = YES;
				CLANG_WARN_EMPTY_BODY = YES;
				CLANG_WARN_ENUM_CONVERSION = YES;
				CLANG_WARN_INFINITE_RECURSION = YES;
				CLANG_WARN_INT_CONVERSION = YES;
				CLANG_WARN_NON_LITERAL_NULL_CONVERSION = YES;
				CLANG_WARN_OBJC_IMPLICIT_RETAIN_SELF = YES;
				CLANG_WARN_OBJC_LITERAL_CONVERSION = YES;
				CLANG_WARN_OBJC_ROOT_CLASS = YES_ERROR;
				CLANG_WARN_QUOTED_INCLUDE_IN_FRAMEWORK_HEADER = YES;
				CLANG_WARN_RANGE_LOOP_ANALYSIS = YES;
				CLANG_WARN_STRICT_PROTOTYPES = YES;
				CLANG_WARN_SUSPICIOUS_MOVE = YES;
				CLANG_WARN_UNGUARDED_AVAILABILITY = YES_AGGRESSIVE;
				CLANG_WARN_UNREACHABLE_CODE = YES;
				CLANG_WARN__DUPLICATE_METHOD_MATCH = YES;
				COPY_PHASE_STRIP = NO;
				DEBUG_INFORMATION_FORMAT = dwarf;
				DEVELOPMENT_TEAM = 3BY5H7FLXP;
				ENABLE_STRICT_OBJC_MSGSEND = YES;
				ENABLE_TESTABILITY = YES;
				ENABLE_USER_SCRIPT_SANDBOXING = YES;
				GCC_C_LANGUAGE_STANDARD = gnu17;
				GCC_DYNAMIC_NO_PIC = NO;
				GCC_NO_COMMON_BLOCKS = YES;
				GCC_OPTIMIZATION_LEVEL = 0;
				GCC_PREPROCESSOR_DEFINITIONS = (
					"DEBUG=1",
					"$(inherited)",
				);
				GCC_WARN_64_TO_32_BIT_CONVERSION = YES;
				GCC_WARN_ABOUT_RETURN_TYPE = YES_ERROR;
				GCC_WARN_UNDECLARED_SELECTOR = YES;
				GCC_WARN_UNINITIALIZED_AUTOS = YES_AGGRESSIVE;
				GCC_WARN_UNUSED_FUNCTION = YES;
				GCC_WARN_UNUSED_VARIABLE = YES;
				IPHONEOS_DEPLOYMENT_TARGET = 18.4;
				LOCALIZATION_PREFERS_STRING_CATALOGS = YES;
				MTL_ENABLE_DEBUG_INFO = INCLUDE_SOURCE;
				MTL_FAST_MATH = YES;
				ONLY_ACTIVE_ARCH = YES;
				SDKROOT = iphoneos;
				SWIFT_ACTIVE_COMPILATION_CONDITIONS = "DEBUG $(inherited)";
				SWIFT_OPTIMIZATION_LEVEL = "-Onone";
			};
			name = Debug;
		};
		BA10D23C2DF14AE400E89352 /* Release */ = {
			isa = XCBuildConfiguration;
			buildSettings = {
				ALWAYS_SEARCH_USER_PATHS = NO;
				ASSETCATALOG_COMPILER_GENERATE_SWIFT_ASSET_SYMBOL_EXTENSIONS = YES;
				CLANG_ANALYZER_NONNULL = YES;
				CLANG_ANALYZER_NUMBER_OBJECT_CONVERSION = YES_AGGRESSIVE;
				CLANG_CXX_LANGUAGE_STANDARD = "gnu++20";
				CLANG_ENABLE_MODULES = YES;
				CLANG_ENABLE_OBJC_ARC = YES;
				CLANG_ENABLE_OBJC_WEAK = YES;
				CLANG_WARN_BLOCK_CAPTURE_AUTORELEASING = YES;
				CLANG_WARN_BOOL_CONVERSION = YES;
				CLANG_WARN_COMMA = YES;
				CLANG_WARN_CONSTANT_CONVERSION = YES;
				CLANG_WARN_DEPRECATED_OBJC_IMPLEMENTATIONS = YES;
				CLANG_WARN_DIRECT_OBJC_ISA_USAGE = YES_ERROR;
				CLANG_WARN_DOCUMENTATION_COMMENTS = YES;
				CLANG_WARN_EMPTY_BODY = YES;
				CLANG_WARN_ENUM_CONVERSION = YES;
				CLANG_WARN_INFINITE_RECURSION = YES;
				CLANG_WARN_INT_CONVERSION = YES;
				CLANG_WARN_NON_LITERAL_NULL_CONVERSION = YES;
				CLANG_WARN_OBJC_IMPLICIT_RETAIN_SELF = YES;
				CLANG_WARN_OBJC_LITERAL_CONVERSION = YES;
				CLANG_WARN_OBJC_ROOT_CLASS = YES_ERROR;
				CLANG_WARN_QUOTED_INCLUDE_IN_FRAMEWORK_HEADER = YES;
				CLANG_WARN_RANGE_LOOP_ANALYSIS = YES;
				CLANG_WARN_STRICT_PROTOTYPES = YES;
				CLANG_WARN_SUSPICIOUS_MOVE = YES;
				CLANG_WARN_UNGUARDED_AVAILABILITY = YES_AGGRESSIVE;
				CLANG_WARN_UNREACHABLE_CODE = YES;
				CLANG_WARN__DUPLICATE_METHOD_MATCH = YES;
				COPY_PHASE_STRIP = NO;
				DEBUG_INFORMATION_FORMAT = "dwarf-with-dsym";
				DEVELOPMENT_TEAM = 3BY5H7FLXP;
				ENABLE_NS_ASSERTIONS = NO;
				ENABLE_STRICT_OBJC_MSGSEND = YES;
				ENABLE_USER_SCRIPT_SANDBOXING = YES;
				GCC_C_LANGUAGE_STANDARD = gnu17;
				GCC_NO_COMMON_BLOCKS = YES;
				GCC_WARN_64_TO_32_BIT_CONVERSION = YES;
				GCC_WARN_ABOUT_RETURN_TYPE = YES_ERROR;
				GCC_WARN_UNDECLARED_SELECTOR = YES;
				GCC_WARN_UNINITIALIZED_AUTOS = YES_AGGRESSIVE;
				GCC_WARN_UNUSED_FUNCTION = YES;
				GCC_WARN_UNUSED_VARIABLE = YES;
				IPHONEOS_DEPLOYMENT_TARGET = 18.4;
				LOCALIZATION_PREFERS_STRING_CATALOGS = YES;
				MTL_ENABLE_DEBUG_INFO = NO;
				MTL_FAST_MATH = YES;
				SDKROOT = iphoneos;
				SWIFT_COMPILATION_MODE = wholemodule;
				VALIDATE_PRODUCT = YES;
			};
			name = Release;
		};
		BA10D23E2DF14AE400E89352 /* Debug */ = {
			isa = XCBuildConfiguration;
			buildSettings = {
				ASSETCATALOG_COMPILER_APPICON_NAME = AppIcon;
				ASSETCATALOG_COMPILER_GLOBAL_ACCENT_COLOR_NAME = AccentColor;
				CODE_SIGN_STYLE = Automatic;
				CURRENT_PROJECT_VERSION = 1;
				DEVELOPMENT_TEAM = 3BY5H7FLXP;
				ENABLE_PREVIEWS = YES;
				GENERATE_INFOPLIST_FILE = YES;
				INFOPLIST_KEY_UIApplicationSceneManifest_Generation = YES;
				INFOPLIST_KEY_UIApplicationSupportsIndirectInputEvents = YES;
				INFOPLIST_KEY_UILaunchScreen_Generation = YES;
				INFOPLIST_KEY_UISupportedInterfaceOrientations_iPad = "UIInterfaceOrientationPortrait UIInterfaceOrientationPortraitUpsideDown UIInterfaceOrientationLandscapeLeft UIInterfaceOrientationLandscapeRight";
				INFOPLIST_KEY_UISupportedInterfaceOrientations_iPhone = "UIInterfaceOrientationPortrait UIInterfaceOrientationLandscapeLeft UIInterfaceOrientationLandscapeRight";
				LD_RUNPATH_SEARCH_PATHS = (
					"$(inherited)",
					"@executable_path/Frameworks",
				);
				MARKETING_VERSION = 1.0;
				PRODUCT_BUNDLE_IDENTIFIER = "com.example.apple-samplecode.Ballvive-Game";
				PRODUCT_NAME = "$(TARGET_NAME)";
				SWIFT_EMIT_LOC_STRINGS = YES;
				SWIFT_VERSION = 5.0;
				TARGETED_DEVICE_FAMILY = "1,2";
			};
			name = Debug;
		};
		BA10D23F2DF14AE400E89352 /* Release */ = {
			isa = XCBuildConfiguration;
			buildSettings = {
				ASSETCATALOG_COMPILER_APPICON_NAME = AppIcon;
				ASSETCATALOG_COMPILER_GLOBAL_ACCENT_COLOR_NAME = AccentColor;
				CODE_SIGN_STYLE = Automatic;
				CURRENT_PROJECT_VERSION = 1;
				DEVELOPMENT_TEAM = 3BY5H7FLXP;
				ENABLE_PREVIEWS = YES;
				GENERATE_INFOPLIST_FILE = YES;
				INFOPLIST_KEY_UIApplicationSceneManifest_Generation = YES;
				INFOPLIST_KEY_UIApplicationSupportsIndirectInputEvents = YES;
				INFOPLIST_KEY_UILaunchScreen_Generation = YES;
				INFOPLIST_KEY_UISupportedInterfaceOrientations_iPad = "UIInterfaceOrientationPortrait UIInterfaceOrientationPortraitUpsideDown UIInterfaceOrientationLandscapeLeft UIInterfaceOrientationLandscapeRight";
				INFOPLIST_KEY_UISupportedInterfaceOrientations_iPhone = "UIInterfaceOrientationPortrait UIInterfaceOrientationLandscapeLeft UIInterfaceOrientationLandscapeRight";
				LD_RUNPATH_SEARCH_PATHS = (
					"$(inherited)",
					"@executable_path/Frameworks",
				);
				MARKETING_VERSION = 1.0;
				PRODUCT_BUNDLE_IDENTIFIER = "com.example.apple-samplecode.Ballvive-Game";
				PRODUCT_NAME = "$(TARGET_NAME)";
				SWIFT_EMIT_LOC_STRINGS = YES;
				SWIFT_VERSION = 5.0;
				TARGETED_DEVICE_FAMILY = "1,2";
			};
			name = Release;
		};
		BA10D2412DF14AE400E89352 /* Debug */ = {
			isa = XCBuildConfiguration;
			buildSettings = {
				BUNDLE_LOADER = "$(TEST_HOST)";
				CODE_SIGN_STYLE = Automatic;
				CURRENT_PROJECT_VERSION = 1;
				DEVELOPMENT_TEAM = 3BY5H7FLXP;
				GENERATE_INFOPLIST_FILE = YES;
				IPHONEOS_DEPLOYMENT_TARGET = 18.4;
				MARKETING_VERSION = 1.0;
				PRODUCT_BUNDLE_IDENTIFIER = "com.example.apple-samplecode.Ballvive-GameTests";
				PRODUCT_NAME = "$(TARGET_NAME)";
				SWIFT_EMIT_LOC_STRINGS = NO;
				SWIFT_VERSION = 5.0;
				TARGETED_DEVICE_FAMILY = "1,2";
				TEST_HOST = "$(BUILT_PRODUCTS_DIR)/Ballvive Game.app/$(BUNDLE_EXECUTABLE_FOLDER_PATH)/Ballvive Game";
			};
			name = Debug;
		};
		BA10D2422DF14AE400E89352 /* Release */ = {
			isa = XCBuildConfiguration;
			buildSettings = {
				BUNDLE_LOADER = "$(TEST_HOST)";
				CODE_SIGN_STYLE = Automatic;
				CURRENT_PROJECT_VERSION = 1;
				DEVELOPMENT_TEAM = 3BY5H7FLXP;
				GENERATE_INFOPLIST_FILE = YES;
				IPHONEOS_DEPLOYMENT_TARGET = 18.4;
				MARKETING_VERSION = 1.0;
				PRODUCT_BUNDLE_IDENTIFIER = "com.example.apple-samplecode.Ballvive-GameTests";
				PRODUCT_NAME = "$(TARGET_NAME)";
				SWIFT_EMIT_LOC_STRINGS = NO;
				SWIFT_VERSION = 5.0;
				TARGETED_DEVICE_FAMILY = "1,2";
				TEST_HOST = "$(BUILT_PRODUCTS_DIR)/Ballvive Game.app/$(BUNDLE_EXECUTABLE_FOLDER_PATH)/Ballvive Game";
			};
			name = Release;
		};
		BA10D2442DF14AE400E89352 /* Debug */ = {
			isa = XCBuildConfiguration;
			buildSettings = {
				CODE_SIGN_STYLE = Automatic;
				CURRENT_PROJECT_VERSION = 1;
				DEVELOPMENT_TEAM = 3BY5H7FLXP;
				GENERATE_INFOPLIST_FILE = YES;
				MARKETING_VERSION = 1.0;
				PRODUCT_BUNDLE_IDENTIFIER = "com.example.apple-samplecode.Ballvive-GameUITests";
				PRODUCT_NAME = "$(TARGET_NAME)";
				SWIFT_EMIT_LOC_STRINGS = NO;
				SWIFT_VERSION = 5.0;
				TARGETED_DEVICE_FAMILY = "1,2";
				TEST_TARGET_NAME = "Ballvive Game";
			};
			name = Debug;
		};
		BA10D2452DF14AE400E89352 /* Release */ = {
			isa = XCBuildConfiguration;
			buildSettings = {
				CODE_SIGN_STYLE = Automatic;
				CURRENT_PROJECT_VERSION = 1;
				DEVELOPMENT_TEAM = 3BY5H7FLXP;
				GENERATE_INFOPLIST_FILE = YES;
				MARKETING_VERSION = 1.0;
				PRODUCT_BUNDLE_IDENTIFIER = "com.example.apple-samplecode.Ballvive-GameUITests";
				PRODUCT_NAME = "$(TARGET_NAME)";
				SWIFT_EMIT_LOC_STRINGS = NO;
				SWIFT_VERSION = 5.0;
				TARGETED_DEVICE_FAMILY = "1,2";
				TEST_TARGET_NAME = "Ballvive Game";
			};
			name = Release;
		};
/* End XCBuildConfiguration section */

/* Begin XCConfigurationList section */
		BA10D2172DF14AE300E89352 /* Build configuration list for PBXProject "Ballvive Game" */ = {
			isa = XCConfigurationList;
			buildConfigurations = (
				BA10D23B2DF14AE400E89352 /* Debug */,
				BA10D23C2DF14AE400E89352 /* Release */,
			);
			defaultConfigurationIsVisible = 0;
			defaultConfigurationName = Release;
		};
		BA10D23D2DF14AE400E89352 /* Build configuration list for PBXNativeTarget "Ballvive Game" */ = {
			isa = XCConfigurationList;
			buildConfigurations = (
				BA10D23E2DF14AE400E89352 /* Debug */,
				BA10D23F2DF14AE400E89352 /* Release */,
			);
			defaultConfigurationIsVisible = 0;
			defaultConfigurationName = Release;
		};
		BA10D2402DF14AE400E89352 /* Build configuration list for PBXNativeTarget "Ballvive GameTests" */ = {
			isa = XCConfigurationList;
			buildConfigurations = (
				BA10D2412DF14AE400E89352 /* Debug */,
				BA10D2422DF14AE400E89352 /* Release */,
			);
			defaultConfigurationIsVisible = 0;
			defaultConfigurationName = Release;
		};
		BA10D2432DF14AE400E89352 /* Build configuration list for PBXNativeTarget "Ballvive GameUITests" */ = {
			isa = XCConfigurationList;
			buildConfigurations = (
				BA10D2442DF14AE400E89352 /* Debug */,
				BA10D2452DF14AE400E89352 /* Release */,
			);
			defaultConfigurationIsVisible = 0;
			defaultConfigurationName = Release;
		};
/* End XCConfigurationList section */
	};
	rootObject = BA10D2142DF14AE300E89352 /* Project object */;
}
